{
  "version": 4,
  "terraform_version": "1.9.2",
  "serial": 4,
  "lineage": "0ed527ee-5978-afea-429a-a2b4af7d5a84",
  "outputs": {
    "kubernetes_cluster_name": {
      "value": "example-autopilot-cluster",
      "type": "string"
    },
    "project_id": {
      "value": "hopeisapp",
      "type": "string"
    },
    "region": {
      "value": "asia-southeast1",
      "type": "string"
    }
  },
  "resources": [
    {
      "mode": "managed",
      "type": "google_compute_network",
      "name": "default",
      "provider": "provider[\"registry.terraform.io/hashicorp/google\"]",
      "instances": [
        {
          "schema_version": 0,
          "attributes": {
            "auto_create_subnetworks": false,
            "delete_default_routes_on_create": false,
            "description": "",
            "enable_ula_internal_ipv6": true,
            "gateway_ipv4": "",
            "id": "projects/hopeisapp/global/networks/example-network",
            "internal_ipv6_range": "fd20:8a0:c325:0:0:0:0:0/48",
            "mtu": 0,
            "name": "example-network",
            "network_firewall_policy_enforcement_order": "AFTER_CLASSIC_FIREWALL",
            "project": "hopeisapp",
            "routing_mode": "REGIONAL",
            "self_link": "https://www.googleapis.com/compute/v1/projects/hopeisapp/global/networks/example-network",
            "timeouts": null
          },
          "sensitive_attributes": [],
          "private": "eyJlMmJmYjczMC1lY2FhLTExZTYtOGY4OC0zNDM2M2JjN2M0YzAiOnsiY3JlYXRlIjoxMjAwMDAwMDAwMDAwLCJkZWxldGUiOjEyMDAwMDAwMDAwMDAsInVwZGF0ZSI6MTIwMDAwMDAwMDAwMH19"
        }
      ]
    },
    {
      "mode": "managed",
      "type": "google_compute_subnetwork",
      "name": "default",
      "provider": "provider[\"registry.terraform.io/hashicorp/google\"]",
      "instances": [
        {
          "schema_version": 0,
          "attributes": {
            "creation_timestamp": "2025-03-10T03:15:32.004-07:00",
            "description": "",
            "external_ipv6_prefix": "2600:1900:4001:5dd:0:0:0:0/64",
            "fingerprint": null,
            "gateway_address": "10.0.0.1",
            "id": "projects/hopeisapp/regions/us-central1/subnetworks/example-subnetwork",
            "ip_cidr_range": "10.0.0.0/16",
            "ipv6_access_type": "EXTERNAL",
            "ipv6_cidr_range": "",
            "log_config": [],
            "name": "example-subnetwork",
            "network": "https://www.googleapis.com/compute/v1/projects/hopeisapp/global/networks/example-network",
            "private_ip_google_access": false,
            "private_ipv6_google_access": "DISABLE_GOOGLE_ACCESS",
            "project": "hopeisapp",
            "purpose": "PRIVATE",
            "region": "us-central1",
            "role": "",
            "secondary_ip_range": [
              {
                "ip_cidr_range": "192.168.0.0/24",
                "range_name": "services-range"
              },
              {
                "ip_cidr_range": "192.168.1.0/24",
                "range_name": "pod-ranges"
              }
            ],
            "self_link": "https://www.googleapis.com/compute/v1/projects/hopeisapp/regions/us-central1/subnetworks/example-subnetwork",
            "stack_type": "IPV4_IPV6",
            "timeouts": null
          },
          "sensitive_attributes": [],
          "private": "eyJlMmJmYjczMC1lY2FhLTExZTYtOGY4OC0zNDM2M2JjN2M0YzAiOnsiY3JlYXRlIjoxMjAwMDAwMDAwMDAwLCJkZWxldGUiOjEyMDAwMDAwMDAwMDAsInVwZGF0ZSI6MTIwMDAwMDAwMDAwMH19",
          "dependencies": [
            "google_compute_network.default"
          ]
        }
      ]
    }
  ],
  "check_results": null
}
